
Microsoft Visual Studio Solution File, Format Version 11.00
# Visual Studio 2010
Project("{FAE04EC0-301F-11D3-BF4B-00C04F79EFBC}") = "Assembly-CSharp", "Assembly-CSharp.csproj", "{1C7EADD4-60A7-5F69-DE04-0DD3BDCCA69C}"
EndProject
Project("{FAE04EC0-301F-11D3-BF4B-00C04F79EFBC}") = "Assembly-CSharp-firstpass", "Assembly-CSharp-firstpass.csproj", "{9616A612-AF56-77E4-C64D-17E7E2EC692A}"
EndProject
Project("{FAE04EC0-301F-11D3-BF4B-00C04F79EFBC}") = "Assembly-CSharp-Editor", "Assembly-CSharp-Editor.csproj", "{36651BDC-B97E-8142-8C6B-40D74733F919}"
EndProject
Global
	GlobalSection(SolutionConfigurationPlatforms) = preSolution
		Debug|Any CPU = Debug|Any CPU
		Release|Any CPU = Release|Any CPU
	EndGlobalSection
	GlobalSection(ProjectConfigurationPlatforms) = postSolution
		{1C7EADD4-60A7-5F69-DE04-0DD3BDCCA69C}.Debug|Any CPU.ActiveCfg = Debug|Any CPU
		{1C7EADD4-60A7-5F69-DE04-0DD3BDCCA69C}.Debug|Any CPU.Build.0 = Debug|Any CPU
		{1C7EADD4-60A7-5F69-DE04-0DD3BDCCA69C}.Release|Any CPU.ActiveCfg = Release|Any CPU
		{1C7EADD4-60A7-5F69-DE04-0DD3BDCCA69C}.Release|Any CPU.Build.0 = Release|Any CPU
		{9616A612-AF56-77E4-C64D-17E7E2EC692A}.Debug|Any CPU.ActiveCfg = Debug|Any CPU
		{9616A612-AF56-77E4-C64D-17E7E2EC692A}.Debug|Any CPU.Build.0 = Debug|Any CPU
		{9616A612-AF56-77E4-C64D-17E7E2EC692A}.Release|Any CPU.ActiveCfg = Release|Any CPU
		{9616A612-AF56-77E4-C64D-17E7E2EC692A}.Release|Any CPU.Build.0 = Release|Any CPU
		{36651BDC-B97E-8142-8C6B-40D74733F919}.Debug|Any CPU.ActiveCfg = Debug|Any CPU
		{36651BDC-B97E-8142-8C6B-40D74733F919}.Debug|Any CPU.Build.0 = Debug|Any CPU
		{36651BDC-B97E-8142-8C6B-40D74733F919}.Release|Any CPU.ActiveCfg = Release|Any CPU
		{36651BDC-B97E-8142-8C6B-40D74733F919}.Release|Any CPU.Build.0 = Release|Any CPU
	EndGlobalSection
	GlobalSection(SolutionProperties) = preSolution
		HideSolutionNode = FALSE
	EndGlobalSection
EndGlobal
